
Microsoft Visual Studio Solution File, Format Version 12.00
# Visual Studio Version 17
VisualStudioVersion = 17.3.32901.215
MinimumVisualStudioVersion = 10.0.40219.1
Project("{FAE04EC0-301F-11D3-BF4B-00C04F79EFBC}") = "MezunBilgiSistemiBitirme", "MezunBilgiSistemiBitirme\MezunBilgiSistemiBitirme.csproj", "{B9BC2DDA-8B03-45B2-B70B-87882606858C}"
EndProject
Project("{FAE04EC0-301F-11D3-BF4B-00C04F79EFBC}") = "EntityLayer", "EntityLayer\EntityLayer.csproj", "{AF4AF2CF-4792-4B3A-9379-3232583E75D3}"
EndProject
Project("{FAE04EC0-301F-11D3-BF4B-00C04F79EFBC}") = "DataAccessLayer", "DataAccessLayer\DataAccessLayer.csproj", "{A813F987-F07C-4AD6-A256-12E58CE9E692}"
EndProject
Project("{FAE04EC0-301F-11D3-BF4B-00C04F79EFBC}") = "BusinessLayer", "BusinessLayer\BusinessLayer.csproj", "{AA4F2CB1-A679-4324-8181-992965C7D759}"
EndProject
Global
	GlobalSection(SolutionConfigurationPlatforms) = preSolution
		Debug|Any CPU = Debug|Any CPU
		Release|Any CPU = Release|Any CPU
	EndGlobalSection
	GlobalSection(ProjectConfigurationPlatforms) = postSolution
		{B9BC2DDA-8B03-45B2-B70B-87882606858C}.Debug|Any CPU.ActiveCfg = Debug|Any CPU
		{B9BC2DDA-8B03-45B2-B70B-87882606858C}.Debug|Any CPU.Build.0 = Debug|Any CPU
		{B9BC2DDA-8B03-45B2-B70B-87882606858C}.Release|Any CPU.ActiveCfg = Release|Any CPU
		{B9BC2DDA-8B03-45B2-B70B-87882606858C}.Release|Any CPU.Build.0 = Release|Any CPU
		{AF4AF2CF-4792-4B3A-9379-3232583E75D3}.Debug|Any CPU.ActiveCfg = Debug|Any CPU
		{AF4AF2CF-4792-4B3A-9379-3232583E75D3}.Debug|Any CPU.Build.0 = Debug|Any CPU
		{AF4AF2CF-4792-4B3A-9379-3232583E75D3}.Release|Any CPU.ActiveCfg = Release|Any CPU
		{AF4AF2CF-4792-4B3A-9379-3232583E75D3}.Release|Any CPU.Build.0 = Release|Any CPU
		{A813F987-F07C-4AD6-A256-12E58CE9E692}.Debug|Any CPU.ActiveCfg = Debug|Any CPU
		{A813F987-F07C-4AD6-A256-12E58CE9E692}.Debug|Any CPU.Build.0 = Debug|Any CPU
		{A813F987-F07C-4AD6-A256-12E58CE9E692}.Release|Any CPU.ActiveCfg = Release|Any CPU
		{A813F987-F07C-4AD6-A256-12E58CE9E692}.Release|Any CPU.Build.0 = Release|Any CPU
		{AA4F2CB1-A679-4324-8181-992965C7D759}.Debug|Any CPU.ActiveCfg = Debug|Any CPU
		{AA4F2CB1-A679-4324-8181-992965C7D759}.Debug|Any CPU.Build.0 = Debug|Any CPU
		{AA4F2CB1-A679-4324-8181-992965C7D759}.Release|Any CPU.ActiveCfg = Release|Any CPU
		{AA4F2CB1-A679-4324-8181-992965C7D759}.Release|Any CPU.Build.0 = Release|Any CPU
	EndGlobalSection
	GlobalSection(SolutionProperties) = preSolution
		HideSolutionNode = FALSE
	EndGlobalSection
	GlobalSection(ExtensibilityGlobals) = postSolution
		SolutionGuid = {8842B168-8F23-4F32-B2CA-464FE8A733F8}
	EndGlobalSection
EndGlobal
